<?xml version="1.0" encoding="utf-8"?>
<Project ToolsVersion="4.0" xmlns="http://schemas.microsoft.com/developer/msbuild/2003">
  <ItemGroup>
    <Filter Include="Model">
      <UniqueIdentifier>{3811a13e-7d0f-4bef-b837-326077c7e24d}</UniqueIdentifier>
    </Filter>
    <Filter Include="lib">
      <UniqueIdentifier>{aa222384-ca75-4c00-9637-2fbb3ccc254a}</UniqueIdentifier>
    </Filter>
    <Filter Include="Resource Files">
      <UniqueIdentifier>{4dc35623-b33c-450a-aefe-d2be3b599a1a}</UniqueIdentifier>
    </Filter>
  </ItemGroup>
  <ItemGroup>
    <CudaCompile Include="kernel.cu" />
  </ItemGroup>
  <ItemGroup>
    <None Include="gsimcore.cuh">
      <Filter>lib</Filter>
    </None>
    <None Include="gsimapp_boid.cuh">
      <Filter>Model</Filter>
    </None>
    <None Include="gsimvisual.cuh">
      <Filter>lib</Filter>
    </None>
    <None Include="gsimapp_header.cuh">
      <Filter>Model</Filter>
    </None>
    <None Include="gsimlib_header.cuh">
      <Filter>lib</Filter>
    </None>
    <None Include="config.txt">
      <Filter>Resource Files</Filter>
    </None>
    <None Include="pos_data.txt.10240">
      <Filter>Resource Files</Filter>
    </None>
  </ItemGroup>
  <ItemGroup>
    <ClInclude Include="common\book.h">
      <Filter>lib</Filter>
    </ClInclude>
    <ClInclude Include="common\gpu_anim.h">
      <Filter>lib</Filter>
    </ClInclude>
    <ClInclude Include="common\cpu_anim.h">
      <Filter>lib</Filter>
    </ClInclude>
    <ClInclude Include="common\cpu_bitmap.h">
      <Filter>lib</Filter>
    </ClInclude>
    <ClInclude Include="common\gl_helper.h">
      <Filter>lib</Filter>
    </ClInclude>
  </ItemGroup>
</Project>